{
  "version": "3",
  "packages": {
    "specifiers": {
      "jsr:@deno/cache-dir@^0.8.0": "jsr:@deno/cache-dir@0.8.0",
      "jsr:@deno/graph@^0.69.7": "jsr:@deno/graph@0.69.10",
      "jsr:@miyauci/esbuild-deno-specifier@1.0.0-beta.14": "jsr:@miyauci/esbuild-deno-specifier@1.0.0-beta.14",
      "jsr:@miyauci/esbuild-import-map@^1.0.0": "jsr:@miyauci/esbuild-import-map@1.1.0",
      "jsr:@miyauci/format@^1.1.0": "jsr:@miyauci/format@1.1.0",
      "jsr:@miyauci/node-esm-resolver@1.0.0-beta.8": "jsr:@miyauci/node-esm-resolver@1.0.0-beta.8",
      "jsr:@std/assert@1.0.0-rc.2": "jsr:@std/assert@1.0.0-rc.2",
      "jsr:@std/assert@^0.218.2": "jsr:@std/assert@0.218.2",
      "jsr:@std/assert@^0.225.0": "jsr:@std/assert@0.225.3",
      "jsr:@std/assert@^0.226.0": "jsr:@std/assert@0.226.0",
      "jsr:@std/bytes@^0.218.2": "jsr:@std/bytes@0.218.2",
      "jsr:@std/collections@^0.221.0": "jsr:@std/collections@0.221.0",
      "jsr:@std/collections@^0.224.2": "jsr:@std/collections@0.224.2",
      "jsr:@std/collections@^1.0.0": "jsr:@std/collections@1.0.1",
      "jsr:@std/expect@^0.224.3": "jsr:@std/expect@0.224.5",
      "jsr:@std/fmt@^0.218.2": "jsr:@std/fmt@0.218.2",
      "jsr:@std/fmt@^0.225.4": "jsr:@std/fmt@0.225.4",
      "jsr:@std/fs@^0.218.2": "jsr:@std/fs@0.218.2",
      "jsr:@std/fs@^0.229.1": "jsr:@std/fs@0.229.3",
      "jsr:@std/internal@^1.0.0": "jsr:@std/internal@1.0.0",
      "jsr:@std/io@^0.218.2": "jsr:@std/io@0.218.2",
      "jsr:@std/json@^0.221.0": "jsr:@std/json@0.221.0",
      "jsr:@std/json@^1.0.0-rc.1": "jsr:@std/json@1.0.0-rc.1",
      "jsr:@std/jsonc@^0.224.0": "jsr:@std/jsonc@0.224.3",
      "jsr:@std/log@^0.224.1": "jsr:@std/log@0.224.3",
      "jsr:@std/path@0.225.0": "jsr:@std/path@0.225.0",
      "jsr:@std/path@1.0.0-rc.1": "jsr:@std/path@1.0.0-rc.1",
      "jsr:@std/path@^0.218.2": "jsr:@std/path@0.218.2",
      "jsr:@std/path@^0.221.0": "jsr:@std/path@0.221.0",
      "jsr:@std/path@^0.225.1": "jsr:@std/path@0.225.2",
      "jsr:@std/regexp@^0.221.0": "jsr:@std/regexp@0.221.0",
      "jsr:@std/regexp@^0.224.1": "jsr:@std/regexp@0.224.1",
      "jsr:@std/testing@^0.224.0": "jsr:@std/testing@0.224.0",
      "jsr:@std/url@^0.221.0": "jsr:@std/url@0.221.0",
      "jsr:@std/url@^0.224.0": "jsr:@std/url@0.224.1",
      "jsr:@unional/path-equal@^1.2.5": "jsr:@unional/path-equal@1.2.5",
      "npm:@types/node": "npm:@types/node@18.16.19",
      "npm:esbuild@^0.22.0": "npm:esbuild@0.22.0"
    },
    "jsr": {
      "@deno/cache-dir@0.8.0": {
        "integrity": "e87e80a404958f6350d903e6238b72afb92468378b0b32111f7a1e4916ac7fe7",
        "dependencies": [
          "jsr:@deno/graph@^0.69.7",
          "jsr:@std/fmt@^0.218.2",
          "jsr:@std/fs@^0.218.2",
          "jsr:@std/io@^0.218.2",
          "jsr:@std/path@^0.218.2"
        ]
      },
      "@deno/graph@0.69.10": {
        "integrity": "38fe22ac5686f6ece5daeec5a4df65c6314d7d32adcc33f77917a13cfaffa26f"
      },
      "@miyauci/esbuild-deno-specifier@1.0.0-beta.14": {
        "integrity": "1133a01d7944adbaa4961afa6eb18945c39f6a923fa803c97b0adfdcdb033f99",
        "dependencies": [
          "jsr:@deno/cache-dir@^0.8.0",
          "jsr:@miyauci/node-esm-resolver@1.0.0-beta.8",
          "jsr:@std/collections@^1.0.0",
          "jsr:@std/fs@^0.229.1",
          "jsr:@std/log@^0.224.1",
          "jsr:@std/path@0.225.0",
          "jsr:@std/path@^0.225.1",
          "jsr:@std/url@^0.224.0",
          "jsr:@unional/path-equal@^1.2.5",
          "npm:esbuild@^0.22.0"
        ]
      },
      "@miyauci/esbuild-import-map@1.1.0": {
        "integrity": "544753fac8f2a088fb67898e334cf60271333dbc2841ab85a61393cf24765d1f",
        "dependencies": [
          "jsr:@std/collections@^0.224.2",
          "jsr:@std/path@^0.225.1",
          "jsr:@std/regexp@^0.224.1",
          "jsr:@std/url@^0.224.0",
          "npm:esbuild@^0.22.0"
        ]
      },
      "@miyauci/format@1.1.0": {
        "integrity": "28467f7b2f50c3bef19bdb73f3e0ee348e4171883c37fcf7bf2ae5277c45925a",
        "dependencies": [
          "jsr:@std/regexp@^0.221.0"
        ]
      },
      "@miyauci/node-esm-resolver@1.0.0-beta.8": {
        "integrity": "ab4de0ae1fc99f925cf78061ab2c323e686111200b66ca4a78e027426b4f96b5",
        "dependencies": [
          "jsr:@std/collections@^0.221.0",
          "jsr:@std/json@^0.221.0",
          "jsr:@std/path@^0.221.0",
          "jsr:@std/url@^0.221.0"
        ]
      },
      "@std/assert@0.218.2": {
        "integrity": "7f0a5a1a8cf86607cd6c2c030584096e1ffad27fc9271429a8cb48cfbdee5eaf"
      },
      "@std/assert@0.225.3": {
        "integrity": "b3c2847aecf6955b50644cdb9cf072004ea3d1998dd7579fc0acb99dbb23bd4f"
      },
      "@std/assert@0.226.0": {
        "integrity": "0dfb5f7c7723c18cec118e080fec76ce15b4c31154b15ad2bd74822603ef75b3"
      },
      "@std/assert@1.0.0-rc.2": {
        "integrity": "0484eab1d76b55fca1c3beaff485a274e67dd3b9f065edcbe70030dfc0b964d3",
        "dependencies": [
          "jsr:@std/internal@^1.0.0"
        ]
      },
      "@std/bytes@0.218.2": {
        "integrity": "91fe54b232dcca73856b79a817247f4a651dbb60d51baafafb6408c137241670"
      },
      "@std/collections@0.221.0": {
        "integrity": "789a365bb79b06c4da79d2b93fe32ddfe03b93ab083e72c1de96303d12f84be5"
      },
      "@std/collections@0.224.2": {
        "integrity": "e77819455294e92d4e7ddad1dbfd46f94174c09318e541e6621fac4a4d0ab326"
      },
      "@std/collections@1.0.1": {
        "integrity": "219845cdf0e9a41ef9219f9acce145722e938104efbc2edd0dfa00d84e2d4dfe"
      },
      "@std/expect@0.224.5": {
        "integrity": "ae6e57ee6f23a2fd5ae130cb84448eef182354cb902e1a2a98d64c72ac3a5a1c",
        "dependencies": [
          "jsr:@std/assert@1.0.0-rc.2",
          "jsr:@std/internal@^1.0.0"
        ]
      },
      "@std/fmt@0.218.2": {
        "integrity": "99526449d2505aa758b6cbef81e7dd471d8b28ec0dcb1491d122b284c548788a"
      },
      "@std/fmt@0.225.4": {
        "integrity": "584c681cf422b70e28959b57e59012823609c087384cbf12d05f67814797fda3"
      },
      "@std/fs@0.218.2": {
        "integrity": "dd9431453f7282e8c577cc22c9e6d036055a9a980b5549f887d6012969fabcca"
      },
      "@std/fs@0.229.3": {
        "integrity": "783bca21f24da92e04c3893c9e79653227ab016c48e96b3078377ebd5222e6eb"
      },
      "@std/internal@1.0.0": {
        "integrity": "ac6a6dfebf838582c4b4f61a6907374e27e05bedb6ce276e0f1608fe84e7cd9a"
      },
      "@std/io@0.218.2": {
        "integrity": "c64fbfa087b7c9d4d386c5672f291f607d88cb7d44fc299c20c713e345f2785f",
        "dependencies": [
          "jsr:@std/assert@^0.218.2",
          "jsr:@std/bytes@^0.218.2"
        ]
      },
      "@std/json@0.221.0": {
        "integrity": "3e63d5fe37c5256b9db345d42c11b57c850aa501bc6464d310e4836b85631b5e"
      },
      "@std/json@1.0.0-rc.1": {
        "integrity": "14063cdc5ea3e2893e7ede348fc5c940299fcae9c3575f2f4f3f91e10e95d3c6"
      },
      "@std/jsonc@0.224.3": {
        "integrity": "c10770a31489f5b85a3562d9b107c497666d8b6a49291ee2711d84da2616c2d6",
        "dependencies": [
          "jsr:@std/json@^1.0.0-rc.1"
        ]
      },
      "@std/log@0.224.3": {
        "integrity": "601af539ff0c80d117fcb6cab7d9339242872d7f7f5fe4862aaf32152d86b9bf",
        "dependencies": [
          "jsr:@std/fmt@^0.225.4"
        ]
      },
      "@std/path@0.218.2": {
        "integrity": "b568fd923d9e53ad76d17c513e7310bda8e755a3e825e6289a0ce536404e2662",
        "dependencies": [
          "jsr:@std/assert@^0.218.2"
        ]
      },
      "@std/path@0.221.0": {
        "integrity": "0a36f6b17314ef653a3a1649740cc8db51b25a133ecfe838f20b79a56ebe0095"
      },
      "@std/path@0.225.0": {
        "integrity": "044ed8d9ca76fa997ff1d30d48fc7756b4389bf6ce1ff9710633a2d174343bb3",
        "dependencies": [
          "jsr:@std/assert@^0.225.0"
        ]
      },
      "@std/path@0.225.2": {
        "integrity": "0f2db41d36b50ef048dcb0399aac720a5348638dd3cb5bf80685bf2a745aa506",
        "dependencies": [
          "jsr:@std/assert@^0.226.0"
        ]
      },
      "@std/path@1.0.0-rc.1": {
        "integrity": "b8c00ae2f19106a6bb7cbf1ab9be52aa70de1605daeb2dbdc4f87a7cbaf10ff6"
      },
      "@std/regexp@0.221.0": {
        "integrity": "6ef49d56386414ed448252aeda15573087b69eb2c4b59dd7390506cc76ac7f6d"
      },
      "@std/regexp@0.224.1": {
        "integrity": "9d49636ebcfe111db1f3f2c85180497baf2d3f83b6abfe89a493c8a356cf24bc"
      },
      "@std/testing@0.224.0": {
        "integrity": "371b8a929aa7132240d5dd766a439be8f780ef5c176ab194e0bcab72370c761e"
      },
      "@std/url@0.221.0": {
        "integrity": "ff19961e6ef86c934cffb788a3e8cd1db7460729c88acf6d5cd4daab52cfa1ad",
        "dependencies": [
          "jsr:@std/path@^0.221.0"
        ]
      },
      "@std/url@0.224.1": {
        "integrity": "19f0e1c6ff8fc2ef9522a746595c24f53be47425daa910eb8ef39cbb5e00b3df",
        "dependencies": [
          "jsr:@std/path@1.0.0-rc.1"
        ]
      },
      "@unional/path-equal@1.2.5": {
        "integrity": "f9f87156f49d5c8f61dbfb768a81bb96157545dc2f853efe64711cd564d64ca7"
      }
    },
    "npm": {
      "@esbuild/aix-ppc64@0.22.0": {
        "integrity": "sha512-uvQR2crZ/zgzSHDvdygHyNI+ze9zwS8mqz0YtGXotSqvEE0UkYE9s+FZKQNTt1VtT719mfP3vHrUdCpxBNQZhQ==",
        "dependencies": {}
      },
      "@esbuild/android-arm64@0.22.0": {
        "integrity": "sha512-UKhPb3o2gAB/bfXcl58ZXTn1q2oVu1rEu/bKrCtmm+Nj5MKUbrOwR5WAixE2v+lk0amWuwPvhnPpBRLIGiq7ig==",
        "dependencies": {}
      },
      "@esbuild/android-arm@0.22.0": {
        "integrity": "sha512-PBnyP+r8vJE4ifxsWys9l+Mc2UY/yYZOpX82eoyGISXXb3dRr0M21v+s4fgRKWMFPMSf/iyowqPW/u7ScSUkjQ==",
        "dependencies": {}
      },
      "@esbuild/android-x64@0.22.0": {
        "integrity": "sha512-IjTYtvIrjhR41Ijy2dDPgYjQHWG/x/A4KXYbs1fiU3efpRdoxMChK3oEZV6GPzVEzJqxFgcuBaiX1kwEvWUxSw==",
        "dependencies": {}
      },
      "@esbuild/darwin-arm64@0.22.0": {
        "integrity": "sha512-mqt+Go4y9wRvEz81bhKd9RpHsQR1LwU8Xm6jZRUV/xpM7cIQFbFH6wBCLPTNsdELBvfoHeumud7X78jQQJv2TA==",
        "dependencies": {}
      },
      "@esbuild/darwin-x64@0.22.0": {
        "integrity": "sha512-vTaTQ9OgYc3VTaWtOE5pSuDT6H3d/qSRFRfSBbnxFfzAvYoB3pqKXA0LEbi/oT8GUOEAutspfRMqPj2ezdFaMw==",
        "dependencies": {}
      },
      "@esbuild/freebsd-arm64@0.22.0": {
        "integrity": "sha512-0e1ZgoobJzaGnR4reD7I9rYZ7ttqdh1KPvJWnquUoDJhL0rYwdneeLailBzd2/4g/U5p4e5TIHEWa68NF2hFpQ==",
        "dependencies": {}
      },
      "@esbuild/freebsd-x64@0.22.0": {
        "integrity": "sha512-BFgyYwlCwRWyPQJtkzqq2p6pJbiiWgp0P9PNf7a5FQ1itKY4czPuOMAlFVItirSmEpRPCeImuwePNScZS0pL5Q==",
        "dependencies": {}
      },
      "@esbuild/linux-arm64@0.22.0": {
        "integrity": "sha512-V/K2rctCUgC0PCXpN7AqT4hoazXKgIYugFGu/myk2+pfe6jTW2guz/TBwq4cZ7ESqusR/IzkcQaBkcjquuBWsw==",
        "dependencies": {}
      },
      "@esbuild/linux-arm@0.22.0": {
        "integrity": "sha512-KEMWiA9aGuPUD4BH5yjlhElLgaRXe+Eri6gKBoDazoPBTo1BXc/e6IW5FcJO9DoL19FBeCxgONyh95hLDNepIg==",
        "dependencies": {}
      },
      "@esbuild/linux-ia32@0.22.0": {
        "integrity": "sha512-r2ZZqkOMOrpUhzNwxI7uLAHIDwkfeqmTnrv1cjpL/rjllPWszgqmprd/om9oviKXUBpMqHbXmppvjAYgISb26Q==",
        "dependencies": {}
      },
      "@esbuild/linux-loong64@0.22.0": {
        "integrity": "sha512-qaowLrV/YOMAL2RfKQ4C/VaDzAuLDuylM2sd/LH+4OFirMl6CuDpRlCq4u49ZBaVV8pkI/Y+hTdiibvQRhojCA==",
        "dependencies": {}
      },
      "@esbuild/linux-mips64el@0.22.0": {
        "integrity": "sha512-hgrezzjQTRxjkQ5k08J6rtZN5PNnkWx/Rz6Kmj9gnsdCAX1I4Dn4ZPqvFRkXo55Q3pnVQJBwbdtrTO7tMGtyVA==",
        "dependencies": {}
      },
      "@esbuild/linux-ppc64@0.22.0": {
        "integrity": "sha512-ewxg6FLLUio883XgSjfULEmDl3VPv/TYNnRprVAS3QeGFLdCYdx1tIudBcd7n9jIdk82v1Ajov4jx87qW7h9+g==",
        "dependencies": {}
      },
      "@esbuild/linux-riscv64@0.22.0": {
        "integrity": "sha512-Az5XbgSJC2lE8XK8pdcutsf9RgdafWdTpUK/+6uaDdfkviw/B4JCwAfh1qVeRWwOohwdsl4ywZrWBNWxwrPLFg==",
        "dependencies": {}
      },
      "@esbuild/linux-s390x@0.22.0": {
        "integrity": "sha512-8j4a2ChT9+V34NNNY9c/gMldutaJFmfMacTPq4KfNKwv2fitBCLYjee7c+Vxaha2nUhPK7cXcZpJtJ3+Y7ZdVQ==",
        "dependencies": {}
      },
      "@esbuild/linux-x64@0.22.0": {
        "integrity": "sha512-JUQyOnpbAkkRFOk/AhsEemz5TfWN4FJZxVObUlnlNCbe7QBl61ZNfM4cwBXayQA6laMJMUcqLHaYQHAB6YQ95Q==",
        "dependencies": {}
      },
      "@esbuild/netbsd-x64@0.22.0": {
        "integrity": "sha512-11PoCoHXo4HFNbLsXuMB6bpMPWGDiw7xETji6COdJss4SQZLvcgNoeSqWtATRm10Jj1uEHiaIk4N0PiN6x4Fcg==",
        "dependencies": {}
      },
      "@esbuild/openbsd-arm64@0.22.0": {
        "integrity": "sha512-Ezlhu/YyITmXwKSB+Zu/QqD7cxrjrpiw85cc0Rbd3AWr2wsgp+dWbWOE8MqHaLW9NKMZvuL0DhbJbvzR7F6Zvg==",
        "dependencies": {}
      },
      "@esbuild/openbsd-x64@0.22.0": {
        "integrity": "sha512-ufjdW5tFJGUjlH9j/5cCE9lrwRffyZh+T4vYvoDKoYsC6IXbwaFeV/ENxeNXcxotF0P8CDzoICXVSbJaGBhkrw==",
        "dependencies": {}
      },
      "@esbuild/sunos-x64@0.22.0": {
        "integrity": "sha512-zY6ly/AoSmKnmNTowDJsK5ehra153/5ZhqxNLfq9NRsTTltetr+yHHcQ4RW7QDqw4JC8A1uC1YmeSfK9NRcK1w==",
        "dependencies": {}
      },
      "@esbuild/win32-arm64@0.22.0": {
        "integrity": "sha512-Kml5F7tv/1Maam0pbbCrvkk9vj046dPej30kFzlhXnhuCtYYBP6FGy/cLbc5yUT1lkZznGLf2OvuvmLjscO5rw==",
        "dependencies": {}
      },
      "@esbuild/win32-ia32@0.22.0": {
        "integrity": "sha512-IOgwn+mYTM3RrcydP4Og5IpXh+ftN8oF+HELTXSmbWBlujuci4Qa3DTeO+LEErceisI7KUSfEIiX+WOUlpELkw==",
        "dependencies": {}
      },
      "@esbuild/win32-x64@0.22.0": {
        "integrity": "sha512-4bDHJrk2WHBXJPhy1y80X7/5b5iZTZP3LGcKIlAP1J+KqZ4zQAPMLEzftGyjjfcKbA4JDlPt/+2R/F1ZTeRgrw==",
        "dependencies": {}
      },
      "@types/node@18.16.19": {
        "integrity": "sha512-IXl7o+R9iti9eBW4Wg2hx1xQDig183jj7YLn8F7udNceyfkbn1ZxmzZXuak20gR40D7pIkIY1kYGx5VIGbaHKA==",
        "dependencies": {}
      },
      "esbuild@0.22.0": {
        "integrity": "sha512-zNYA6bFZsVnsU481FnGAQjLDW0Pl/8BGG7EvAp15RzUvGC+ME7hf1q7LvIfStEQBz/iEHuBJCYcOwPmNCf1Tlw==",
        "dependencies": {
          "@esbuild/aix-ppc64": "@esbuild/aix-ppc64@0.22.0",
          "@esbuild/android-arm": "@esbuild/android-arm@0.22.0",
          "@esbuild/android-arm64": "@esbuild/android-arm64@0.22.0",
          "@esbuild/android-x64": "@esbuild/android-x64@0.22.0",
          "@esbuild/darwin-arm64": "@esbuild/darwin-arm64@0.22.0",
          "@esbuild/darwin-x64": "@esbuild/darwin-x64@0.22.0",
          "@esbuild/freebsd-arm64": "@esbuild/freebsd-arm64@0.22.0",
          "@esbuild/freebsd-x64": "@esbuild/freebsd-x64@0.22.0",
          "@esbuild/linux-arm": "@esbuild/linux-arm@0.22.0",
          "@esbuild/linux-arm64": "@esbuild/linux-arm64@0.22.0",
          "@esbuild/linux-ia32": "@esbuild/linux-ia32@0.22.0",
          "@esbuild/linux-loong64": "@esbuild/linux-loong64@0.22.0",
          "@esbuild/linux-mips64el": "@esbuild/linux-mips64el@0.22.0",
          "@esbuild/linux-ppc64": "@esbuild/linux-ppc64@0.22.0",
          "@esbuild/linux-riscv64": "@esbuild/linux-riscv64@0.22.0",
          "@esbuild/linux-s390x": "@esbuild/linux-s390x@0.22.0",
          "@esbuild/linux-x64": "@esbuild/linux-x64@0.22.0",
          "@esbuild/netbsd-x64": "@esbuild/netbsd-x64@0.22.0",
          "@esbuild/openbsd-arm64": "@esbuild/openbsd-arm64@0.22.0",
          "@esbuild/openbsd-x64": "@esbuild/openbsd-x64@0.22.0",
          "@esbuild/sunos-x64": "@esbuild/sunos-x64@0.22.0",
          "@esbuild/win32-arm64": "@esbuild/win32-arm64@0.22.0",
          "@esbuild/win32-ia32": "@esbuild/win32-ia32@0.22.0",
          "@esbuild/win32-x64": "@esbuild/win32-x64@0.22.0"
        }
      }
    }
  },
  "remote": {},
  "workspace": {
    "dependencies": [
      "jsr:@miyauci/esbuild-deno-specifier@1.0.0-beta.14",
      "jsr:@miyauci/esbuild-import-map@^1.0.0",
      "jsr:@miyauci/format@^1.1.0",
      "jsr:@std/expect@^0.224.3",
      "jsr:@std/jsonc@^0.224.0",
      "jsr:@std/path@^0.225.1",
      "jsr:@std/testing@^0.224.0",
      "jsr:@std/url@^0.224.0",
      "npm:esbuild@^0.22.0",
      "npm:json-schema-to-typescript@^14.0.5"
    ]
  }
}
